{
    "_meta": {
        "hash": {
            "sha256": "32a05096a99b403114a299d1ec0fa1d7b6fa83b4abaa092557a4ef0bbbc48310"
        },
        "pipfile-spec": 6,
        "requires": {
            "python_version": "3.9"
        },
        "sources": [
            {
                "name": "pypi",
                "url": "https://pypi.org/simple",
                "verify_ssl": true
            }
        ]
    },
    "default": {
        "pyhumps": {
            "hashes": [
                "sha256:01612603c5ad73a407299d806d30708a3935052276fdd93776953bccc0724e0a",
                "sha256:58b367b73c57b64e32d211dc769addabd68ff6db07ce64b2e6565f7d5a12291f"
            ],
            "index": "pypi",
            "version": "==1.6.1"
        }
    },
    "develop": {}
}
